
Microsoft Visual Studio Solution File, Format Version 12.00
# Visual Studio Version 16
VisualStudioVersion = 16.0.33927.289
MinimumVisualStudioVersion = 10.0.40219.1
Project("{2150E333-8FDC-42A3-9474-1A3956D46DE8}") = "Task0", "Task0", "{D59B8E19-CE55-4327-B88F-E8C70F107EFB}"
EndProject
Project("{FAE04EC0-301F-11D3-BF4B-00C04F79EFBC}") = "Tyuiu.VengoVE.Sprint2.Task0.V17", "Tyuiu.VengoVE.Sprint2.Task0.V17\Tyuiu.VengoVE.Sprint2.Task0.V17.csproj", "{E9C578C2-7C98-49D5-956A-DB9F4D8FED0B}"
EndProject
Project("{FAE04EC0-301F-11D3-BF4B-00C04F79EFBC}") = "Tyuiu.VengoVE.Sprint2.Task0.V17.Lib", "Tyuiu.VengoVE.Sprint2.Task0.V17.Lib\Tyuiu.VengoVE.Sprint2.Task0.V17.Lib.csproj", "{9C83FF49-1F36-442E-AE5C-58AEE4B5D3EA}"
EndProject
Project("{FAE04EC0-301F-11D3-BF4B-00C04F79EFBC}") = "Tyuiu.VengoVE.Sprint2.Task0.V17.Test", "Tyuiu.VengoVE.Sprint2.Task0.V17.Test\Tyuiu.VengoVE.Sprint2.Task0.V17.Test.csproj", "{02A1AAD7-9901-4C4A-9366-A2074F660B2C}"
EndProject
Project("{2150E333-8FDC-42A3-9474-1A3956D46DE8}") = "Task1", "Task1", "{D30BEC9C-71BB-4A56-87A7-3AD27FBCAC56}"
EndProject
Project("{FAE04EC0-301F-11D3-BF4B-00C04F79EFBC}") = "Tyuiu.VengoVE.Sprint2.Task1.V2", "Tyuiu.VengoVE.Sprint2.Task1.V2\Tyuiu.VengoVE.Sprint2.Task1.V2.csproj", "{CEB0E0C2-C880-45E0-9156-EBD2BA7163CC}"
EndProject
Project("{FAE04EC0-301F-11D3-BF4B-00C04F79EFBC}") = "Tyuiu.VengoVE.Sprint2.Task1.V2.Lib", "Tyuiu.VengoVE.Sprint2.Task1.V2.Lib\Tyuiu.VengoVE.Sprint2.Task1.V2.Lib.csproj", "{07F3A547-F2D5-4AC6-961D-01D285C7BC44}"
EndProject
Project("{FAE04EC0-301F-11D3-BF4B-00C04F79EFBC}") = "Tyuiu.VengoVE.Sprint2.Task1.V2.Test", "Tyuiu.VengoVE.Sprint2.Task1.V2.Test\Tyuiu.VengoVE.Sprint2.Task1.V2.Test.csproj", "{90D76AB3-8D90-414C-8134-EBEE240558AB}"
EndProject
Project("{2150E333-8FDC-42A3-9474-1A3956D46DE8}") = "Task2", "Task2", "{F3180F80-B0B5-4046-9293-F61DE145EB71}"
EndProject
Project("{FAE04EC0-301F-11D3-BF4B-00C04F79EFBC}") = "Tyuiu.VengoVE.Sprint2.Task2.V20", "Tyuiu.VengoVE.Sprint2.Task2.V20\Tyuiu.VengoVE.Sprint2.Task2.V20.csproj", "{6C817F77-C0FC-4601-A636-E86BE5F0B8D3}"
EndProject
Project("{FAE04EC0-301F-11D3-BF4B-00C04F79EFBC}") = "Tyuiu.VengoVE.Sprint2.Task2.V20.Lib", "Tyuiu.VengoVE.Sprint2.Task2.V20.Lib\Tyuiu.VengoVE.Sprint2.Task2.V20.Lib.csproj", "{0A5F2B4D-F6DC-499B-BD87-83E771CE98E4}"
EndProject
Project("{FAE04EC0-301F-11D3-BF4B-00C04F79EFBC}") = "Tyuiu.VengoVE.Sprint2.Task2.V20.Test", "Tyuiu.VengoVE.Sprint2.Task2.V20.Test\Tyuiu.VengoVE.Sprint2.Task2.V20.Test.csproj", "{DFA876F1-0DF1-4B53-9BF0-651EECB9A60A}"
EndProject
Project("{2150E333-8FDC-42A3-9474-1A3956D46DE8}") = "Task3", "Task3", "{A88045D8-3B62-4B75-BC9D-76D38766140F}"
EndProject
Global
	GlobalSection(SolutionConfigurationPlatforms) = preSolution
		Debug|Any CPU = Debug|Any CPU
		Release|Any CPU = Release|Any CPU
	EndGlobalSection
	GlobalSection(ProjectConfigurationPlatforms) = postSolution
		{E9C578C2-7C98-49D5-956A-DB9F4D8FED0B}.Debug|Any CPU.ActiveCfg = Debug|Any CPU
		{E9C578C2-7C98-49D5-956A-DB9F4D8FED0B}.Debug|Any CPU.Build.0 = Debug|Any CPU
		{E9C578C2-7C98-49D5-956A-DB9F4D8FED0B}.Release|Any CPU.ActiveCfg = Release|Any CPU
		{E9C578C2-7C98-49D5-956A-DB9F4D8FED0B}.Release|Any CPU.Build.0 = Release|Any CPU
		{9C83FF49-1F36-442E-AE5C-58AEE4B5D3EA}.Debug|Any CPU.ActiveCfg = Debug|Any CPU
		{9C83FF49-1F36-442E-AE5C-58AEE4B5D3EA}.Debug|Any CPU.Build.0 = Debug|Any CPU
		{9C83FF49-1F36-442E-AE5C-58AEE4B5D3EA}.Release|Any CPU.ActiveCfg = Release|Any CPU
		{9C83FF49-1F36-442E-AE5C-58AEE4B5D3EA}.Release|Any CPU.Build.0 = Release|Any CPU
		{02A1AAD7-9901-4C4A-9366-A2074F660B2C}.Debug|Any CPU.ActiveCfg = Debug|Any CPU
		{02A1AAD7-9901-4C4A-9366-A2074F660B2C}.Debug|Any CPU.Build.0 = Debug|Any CPU
		{02A1AAD7-9901-4C4A-9366-A2074F660B2C}.Release|Any CPU.ActiveCfg = Release|Any CPU
		{02A1AAD7-9901-4C4A-9366-A2074F660B2C}.Release|Any CPU.Build.0 = Release|Any CPU
		{CEB0E0C2-C880-45E0-9156-EBD2BA7163CC}.Debug|Any CPU.ActiveCfg = Debug|Any CPU
		{CEB0E0C2-C880-45E0-9156-EBD2BA7163CC}.Debug|Any CPU.Build.0 = Debug|Any CPU
		{CEB0E0C2-C880-45E0-9156-EBD2BA7163CC}.Release|Any CPU.ActiveCfg = Release|Any CPU
		{CEB0E0C2-C880-45E0-9156-EBD2BA7163CC}.Release|Any CPU.Build.0 = Release|Any CPU
		{07F3A547-F2D5-4AC6-961D-01D285C7BC44}.Debug|Any CPU.ActiveCfg = Debug|Any CPU
		{07F3A547-F2D5-4AC6-961D-01D285C7BC44}.Debug|Any CPU.Build.0 = Debug|Any CPU
		{07F3A547-F2D5-4AC6-961D-01D285C7BC44}.Release|Any CPU.ActiveCfg = Release|Any CPU
		{07F3A547-F2D5-4AC6-961D-01D285C7BC44}.Release|Any CPU.Build.0 = Release|Any CPU
		{90D76AB3-8D90-414C-8134-EBEE240558AB}.Debug|Any CPU.ActiveCfg = Debug|Any CPU
		{90D76AB3-8D90-414C-8134-EBEE240558AB}.Debug|Any CPU.Build.0 = Debug|Any CPU
		{90D76AB3-8D90-414C-8134-EBEE240558AB}.Release|Any CPU.ActiveCfg = Release|Any CPU
		{90D76AB3-8D90-414C-8134-EBEE240558AB}.Release|Any CPU.Build.0 = Release|Any CPU
		{6C817F77-C0FC-4601-A636-E86BE5F0B8D3}.Debug|Any CPU.ActiveCfg = Debug|Any CPU
		{6C817F77-C0FC-4601-A636-E86BE5F0B8D3}.Debug|Any CPU.Build.0 = Debug|Any CPU
		{6C817F77-C0FC-4601-A636-E86BE5F0B8D3}.Release|Any CPU.ActiveCfg = Release|Any CPU
		{6C817F77-C0FC-4601-A636-E86BE5F0B8D3}.Release|Any CPU.Build.0 = Release|Any CPU
		{0A5F2B4D-F6DC-499B-BD87-83E771CE98E4}.Debug|Any CPU.ActiveCfg = Debug|Any CPU
		{0A5F2B4D-F6DC-499B-BD87-83E771CE98E4}.Debug|Any CPU.Build.0 = Debug|Any CPU
		{0A5F2B4D-F6DC-499B-BD87-83E771CE98E4}.Release|Any CPU.ActiveCfg = Release|Any CPU
		{0A5F2B4D-F6DC-499B-BD87-83E771CE98E4}.Release|Any CPU.Build.0 = Release|Any CPU
		{DFA876F1-0DF1-4B53-9BF0-651EECB9A60A}.Debug|Any CPU.ActiveCfg = Debug|Any CPU
		{DFA876F1-0DF1-4B53-9BF0-651EECB9A60A}.Debug|Any CPU.Build.0 = Debug|Any CPU
		{DFA876F1-0DF1-4B53-9BF0-651EECB9A60A}.Release|Any CPU.ActiveCfg = Release|Any CPU
		{DFA876F1-0DF1-4B53-9BF0-651EECB9A60A}.Release|Any CPU.Build.0 = Release|Any CPU
	EndGlobalSection
	GlobalSection(SolutionProperties) = preSolution
		HideSolutionNode = FALSE
	EndGlobalSection
	GlobalSection(NestedProjects) = preSolution
		{E9C578C2-7C98-49D5-956A-DB9F4D8FED0B} = {D59B8E19-CE55-4327-B88F-E8C70F107EFB}
		{9C83FF49-1F36-442E-AE5C-58AEE4B5D3EA} = {D59B8E19-CE55-4327-B88F-E8C70F107EFB}
		{02A1AAD7-9901-4C4A-9366-A2074F660B2C} = {D59B8E19-CE55-4327-B88F-E8C70F107EFB}
		{CEB0E0C2-C880-45E0-9156-EBD2BA7163CC} = {D30BEC9C-71BB-4A56-87A7-3AD27FBCAC56}
		{07F3A547-F2D5-4AC6-961D-01D285C7BC44} = {D30BEC9C-71BB-4A56-87A7-3AD27FBCAC56}
		{90D76AB3-8D90-414C-8134-EBEE240558AB} = {D30BEC9C-71BB-4A56-87A7-3AD27FBCAC56}
		{6C817F77-C0FC-4601-A636-E86BE5F0B8D3} = {F3180F80-B0B5-4046-9293-F61DE145EB71}
		{0A5F2B4D-F6DC-499B-BD87-83E771CE98E4} = {F3180F80-B0B5-4046-9293-F61DE145EB71}
		{DFA876F1-0DF1-4B53-9BF0-651EECB9A60A} = {F3180F80-B0B5-4046-9293-F61DE145EB71}
	EndGlobalSection
	GlobalSection(ExtensibilityGlobals) = postSolution
		SolutionGuid = {A106B886-C989-4C7B-AC8E-78622EC9FB2A}
	EndGlobalSection
EndGlobal
