
Microsoft Visual Studio Solution File, Format Version 12.00
# Visual Studio Version 16
VisualStudioVersion = 16.0.33927.289
MinimumVisualStudioVersion = 10.0.40219.1
Project("{2150E333-8FDC-42A3-9474-1A3956D46DE8}") = "Task0", "Task0", "{D59B8E19-CE55-4327-B88F-E8C70F107EFB}"
EndProject
Project("{FAE04EC0-301F-11D3-BF4B-00C04F79EFBC}") = "Tyuiu.VengoVE.Sprint2.Task0.V17", "Tyuiu.VengoVE.Sprint2.Task0.V17\Tyuiu.VengoVE.Sprint2.Task0.V17.csproj", "{E9C578C2-7C98-49D5-956A-DB9F4D8FED0B}"
EndProject
Project("{FAE04EC0-301F-11D3-BF4B-00C04F79EFBC}") = "Tyuiu.VengoVE.Sprint2.Task0.V17.Lib", "Tyuiu.VengoVE.Sprint2.Task0.V17.Lib\Tyuiu.VengoVE.Sprint2.Task0.V17.Lib.csproj", "{9C83FF49-1F36-442E-AE5C-58AEE4B5D3EA}"
EndProject
Project("{FAE04EC0-301F-11D3-BF4B-00C04F79EFBC}") = "Tyuiu.VengoVE.Sprint2.Task0.V17.Test", "Tyuiu.VengoVE.Sprint2.Task0.V17.Test\Tyuiu.VengoVE.Sprint2.Task0.V17.Test.csproj", "{02A1AAD7-9901-4C4A-9366-A2074F660B2C}"
EndProject
Project("{2150E333-8FDC-42A3-9474-1A3956D46DE8}") = "Task1", "Task1", "{D30BEC9C-71BB-4A56-87A7-3AD27FBCAC56}"
EndProject
Project("{FAE04EC0-301F-11D3-BF4B-00C04F79EFBC}") = "Tyuiu.VengoVE.Sprint2.Task1.V2", "Tyuiu.VengoVE.Sprint2.Task1.V2\Tyuiu.VengoVE.Sprint2.Task1.V2.csproj", "{CEB0E0C2-C880-45E0-9156-EBD2BA7163CC}"
EndProject
Project("{FAE04EC0-301F-11D3-BF4B-00C04F79EFBC}") = "Tyuiu.VengoVE.Sprint2.Task1.V2.Lib", "Tyuiu.VengoVE.Sprint2.Task1.V2.Lib\Tyuiu.VengoVE.Sprint2.Task1.V2.Lib.csproj", "{07F3A547-F2D5-4AC6-961D-01D285C7BC44}"
EndProject
Project("{FAE04EC0-301F-11D3-BF4B-00C04F79EFBC}") = "Tyuiu.VengoVE.Sprint2.Task1.V2.Test", "Tyuiu.VengoVE.Sprint2.Task1.V2.Test\Tyuiu.VengoVE.Sprint2.Task1.V2.Test.csproj", "{90D76AB3-8D90-414C-8134-EBEE240558AB}"
EndProject
Project("{2150E333-8FDC-42A3-9474-1A3956D46DE8}") = "Task2", "Task2", "{F3180F80-B0B5-4046-9293-F61DE145EB71}"
EndProject
Project("{FAE04EC0-301F-11D3-BF4B-00C04F79EFBC}") = "Tyuiu.VengoVE.Sprint2.Task2.V20", "Tyuiu.VengoVE.Sprint2.Task2.V20\Tyuiu.VengoVE.Sprint2.Task2.V20.csproj", "{6C817F77-C0FC-4601-A636-E86BE5F0B8D3}"
EndProject
Project("{FAE04EC0-301F-11D3-BF4B-00C04F79EFBC}") = "Tyuiu.VengoVE.Sprint2.Task2.V20.Lib", "Tyuiu.VengoVE.Sprint2.Task2.V20.Lib\Tyuiu.VengoVE.Sprint2.Task2.V20.Lib.csproj", "{0A5F2B4D-F6DC-499B-BD87-83E771CE98E4}"
EndProject
Project("{FAE04EC0-301F-11D3-BF4B-00C04F79EFBC}") = "Tyuiu.VengoVE.Sprint2.Task2.V20.Test", "Tyuiu.VengoVE.Sprint2.Task2.V20.Test\Tyuiu.VengoVE.Sprint2.Task2.V20.Test.csproj", "{DFA876F1-0DF1-4B53-9BF0-651EECB9A60A}"
EndProject
Project("{2150E333-8FDC-42A3-9474-1A3956D46DE8}") = "Task3", "Task3", "{A88045D8-3B62-4B75-BC9D-76D38766140F}"
EndProject
Project("{FAE04EC0-301F-11D3-BF4B-00C04F79EFBC}") = "Tyuiu.VengoVE.Sprint2.Task3.V19", "Tyuiu.VengoVE.Sprint2.Task3.V19\Tyuiu.VengoVE.Sprint2.Task3.V19.csproj", "{D7D4A813-D3AD-49C4-A762-5A2D279294C3}"
EndProject
Project("{FAE04EC0-301F-11D3-BF4B-00C04F79EFBC}") = "Tyuiu.VengoVE.Sprint2.Task3.V19.Lib", "Tyuiu.VengoVE.Sprint2.Task3.V19.Lib\Tyuiu.VengoVE.Sprint2.Task3.V19.Lib.csproj", "{15CAAC0C-39DD-4861-9D38-80FE32DD1280}"
EndProject
Project("{FAE04EC0-301F-11D3-BF4B-00C04F79EFBC}") = "Tyuiu.VengoVE.Sprint2.Task3.V19.Test", "Tyuiu.VengoVE.Sprint2.Task3.V19.Test\Tyuiu.VengoVE.Sprint2.Task3.V19.Test.csproj", "{8F3D7E8F-C9FE-4344-B8D0-0ACDD08B742D}"
EndProject
Project("{2150E333-8FDC-42A3-9474-1A3956D46DE8}") = "Task4", "Task4", "{BE8F7523-5128-4979-BA05-9EB191172CBC}"
EndProject
Project("{FAE04EC0-301F-11D3-BF4B-00C04F79EFBC}") = "Tyuiu.VengoVE.Sprint2.Task4.V15", "Tyuiu.VengoVE.Sprint2.Task4.V15\Tyuiu.VengoVE.Sprint2.Task4.V15.csproj", "{5A292400-7161-471D-BEA5-2934293BEC55}"
EndProject
Project("{FAE04EC0-301F-11D3-BF4B-00C04F79EFBC}") = "Tyuiu.VengoVE.Sprint2.Task4.V15.Lib", "Tyuiu.VengoVE.Sprint2.Task4.V15.Lib\Tyuiu.VengoVE.Sprint2.Task4.V15.Lib.csproj", "{3E58B5DC-542E-4AEF-840F-FDEFCE2572D7}"
EndProject
Project("{FAE04EC0-301F-11D3-BF4B-00C04F79EFBC}") = "Tyuiu.VengoVE.Sprint2.Task4.V15.Test", "Tyuiu.VengoVE.Sprint2.Task4.V15.Test\Tyuiu.VengoVE.Sprint2.Task4.V15.Test.csproj", "{20C9FA37-7AD0-4899-B4D0-383931D85556}"
EndProject
Project("{2150E333-8FDC-42A3-9474-1A3956D46DE8}") = "Task5", "Task5", "{DA72A47F-65CD-4164-92CA-3EB6F102E57D}"
EndProject
Project("{FAE04EC0-301F-11D3-BF4B-00C04F79EFBC}") = "Tyuiu.VengoVE.Sprint2.Task5.V2", "Tyuiu.VengoVE.Sprint2.Task5.V2\Tyuiu.VengoVE.Sprint2.Task5.V2.csproj", "{C579BA86-25A0-4C06-8623-229DB46A9588}"
EndProject
Project("{FAE04EC0-301F-11D3-BF4B-00C04F79EFBC}") = "Tyuiu.VengoVE.Sprint2.Task5.V2.Lib", "Tyuiu.VengoVE.Sprint2.Task5.V2.Lib\Tyuiu.VengoVE.Sprint2.Task5.V2.Lib.csproj", "{12DC8A30-8978-42B6-BE55-9C15E3DDB3EE}"
EndProject
Project("{FAE04EC0-301F-11D3-BF4B-00C04F79EFBC}") = "Tyuiu.VengoVE.Sprint2.Task5.V2.Test", "Tyuiu.VengoVE.Sprint2.Task5.V2.Test\Tyuiu.VengoVE.Sprint2.Task5.V2.Test.csproj", "{74DE4E22-5159-4B4A-A030-EA8B80DEC774}"
EndProject
Project("{2150E333-8FDC-42A3-9474-1A3956D46DE8}") = "Task6", "Task6", "{5A0AEF9D-C1C7-4A71-8764-B16B998FDBEA}"
EndProject
Project("{FAE04EC0-301F-11D3-BF4B-00C04F79EFBC}") = "Tyuiu.VengoVE.Sprint2.Task6.V15", "Tyuiu.VengoVE.Sprint2.Task6.V15\Tyuiu.VengoVE.Sprint2.Task6.V15.csproj", "{16424FAA-8023-474B-8490-7B54171963F8}"
EndProject
Project("{FAE04EC0-301F-11D3-BF4B-00C04F79EFBC}") = "Tyuiu.VengoVE.Sprint2.Task6.V15.Lib", "Tyuiu.VengoVE.Sprint2.Task6.V15.Lib\Tyuiu.VengoVE.Sprint2.Task6.V15.Lib.csproj", "{46668432-997F-49E4-9CA2-04D871D4793E}"
EndProject
Project("{FAE04EC0-301F-11D3-BF4B-00C04F79EFBC}") = "Tyuiu.VengoVE.Sprint2.Task6.V15.Test", "Tyuiu.VengoVE.Sprint2.Task6.V15.Test\Tyuiu.VengoVE.Sprint2.Task6.V15.Test.csproj", "{38E339DC-0DCE-4FB9-8B1B-48C11C7B4B45}"
EndProject
Project("{2150E333-8FDC-42A3-9474-1A3956D46DE8}") = "Task7", "Task7", "{A40760E1-F451-4E16-B3E2-5D240C37E314}"
EndProject
Project("{FAE04EC0-301F-11D3-BF4B-00C04F79EFBC}") = "Tyuiu.VengoVE.Sprint2.Task7.V12", "Tyuiu.VengoVE.Sprint2.Task7.V12\Tyuiu.VengoVE.Sprint2.Task7.V12.csproj", "{6D884BB1-5B5C-4425-B283-C362341B91EB}"
EndProject
Project("{FAE04EC0-301F-11D3-BF4B-00C04F79EFBC}") = "Tyuiu.VengoVE.Sprint2.Task7.V12.Test", "Tyuiu.VengoVE.Sprint2.Task7.V12.Test\Tyuiu.VengoVE.Sprint2.Task7.V12.Test.csproj", "{8F200DB0-E72D-4F3A-8E03-194EC00BCAB4}"
EndProject
Project("{FAE04EC0-301F-11D3-BF4B-00C04F79EFBC}") = "Tyuiu.VengoVE.Sprint2.Task7.V12.Lib", "Tyuiu.VengoVE.Sprint2.Task7.V12.Lib\Tyuiu.VengoVE.Sprint2.Task7.V12.Lib.csproj", "{86C0EB80-DB21-4669-A0C0-DBE5A0043E30}"
EndProject
Global
	GlobalSection(SolutionConfigurationPlatforms) = preSolution
		Debug|Any CPU = Debug|Any CPU
		Release|Any CPU = Release|Any CPU
	EndGlobalSection
	GlobalSection(ProjectConfigurationPlatforms) = postSolution
		{E9C578C2-7C98-49D5-956A-DB9F4D8FED0B}.Debug|Any CPU.ActiveCfg = Debug|Any CPU
		{E9C578C2-7C98-49D5-956A-DB9F4D8FED0B}.Debug|Any CPU.Build.0 = Debug|Any CPU
		{E9C578C2-7C98-49D5-956A-DB9F4D8FED0B}.Release|Any CPU.ActiveCfg = Release|Any CPU
		{E9C578C2-7C98-49D5-956A-DB9F4D8FED0B}.Release|Any CPU.Build.0 = Release|Any CPU
		{9C83FF49-1F36-442E-AE5C-58AEE4B5D3EA}.Debug|Any CPU.ActiveCfg = Debug|Any CPU
		{9C83FF49-1F36-442E-AE5C-58AEE4B5D3EA}.Debug|Any CPU.Build.0 = Debug|Any CPU
		{9C83FF49-1F36-442E-AE5C-58AEE4B5D3EA}.Release|Any CPU.ActiveCfg = Release|Any CPU
		{9C83FF49-1F36-442E-AE5C-58AEE4B5D3EA}.Release|Any CPU.Build.0 = Release|Any CPU
		{02A1AAD7-9901-4C4A-9366-A2074F660B2C}.Debug|Any CPU.ActiveCfg = Debug|Any CPU
		{02A1AAD7-9901-4C4A-9366-A2074F660B2C}.Debug|Any CPU.Build.0 = Debug|Any CPU
		{02A1AAD7-9901-4C4A-9366-A2074F660B2C}.Release|Any CPU.ActiveCfg = Release|Any CPU
		{02A1AAD7-9901-4C4A-9366-A2074F660B2C}.Release|Any CPU.Build.0 = Release|Any CPU
		{CEB0E0C2-C880-45E0-9156-EBD2BA7163CC}.Debug|Any CPU.ActiveCfg = Debug|Any CPU
		{CEB0E0C2-C880-45E0-9156-EBD2BA7163CC}.Debug|Any CPU.Build.0 = Debug|Any CPU
		{CEB0E0C2-C880-45E0-9156-EBD2BA7163CC}.Release|Any CPU.ActiveCfg = Release|Any CPU
		{CEB0E0C2-C880-45E0-9156-EBD2BA7163CC}.Release|Any CPU.Build.0 = Release|Any CPU
		{07F3A547-F2D5-4AC6-961D-01D285C7BC44}.Debug|Any CPU.ActiveCfg = Debug|Any CPU
		{07F3A547-F2D5-4AC6-961D-01D285C7BC44}.Debug|Any CPU.Build.0 = Debug|Any CPU
		{07F3A547-F2D5-4AC6-961D-01D285C7BC44}.Release|Any CPU.ActiveCfg = Release|Any CPU
		{07F3A547-F2D5-4AC6-961D-01D285C7BC44}.Release|Any CPU.Build.0 = Release|Any CPU
		{90D76AB3-8D90-414C-8134-EBEE240558AB}.Debug|Any CPU.ActiveCfg = Debug|Any CPU
		{90D76AB3-8D90-414C-8134-EBEE240558AB}.Debug|Any CPU.Build.0 = Debug|Any CPU
		{90D76AB3-8D90-414C-8134-EBEE240558AB}.Release|Any CPU.ActiveCfg = Release|Any CPU
		{90D76AB3-8D90-414C-8134-EBEE240558AB}.Release|Any CPU.Build.0 = Release|Any CPU
		{6C817F77-C0FC-4601-A636-E86BE5F0B8D3}.Debug|Any CPU.ActiveCfg = Debug|Any CPU
		{6C817F77-C0FC-4601-A636-E86BE5F0B8D3}.Debug|Any CPU.Build.0 = Debug|Any CPU
		{6C817F77-C0FC-4601-A636-E86BE5F0B8D3}.Release|Any CPU.ActiveCfg = Release|Any CPU
		{6C817F77-C0FC-4601-A636-E86BE5F0B8D3}.Release|Any CPU.Build.0 = Release|Any CPU
		{0A5F2B4D-F6DC-499B-BD87-83E771CE98E4}.Debug|Any CPU.ActiveCfg = Debug|Any CPU
		{0A5F2B4D-F6DC-499B-BD87-83E771CE98E4}.Debug|Any CPU.Build.0 = Debug|Any CPU
		{0A5F2B4D-F6DC-499B-BD87-83E771CE98E4}.Release|Any CPU.ActiveCfg = Release|Any CPU
		{0A5F2B4D-F6DC-499B-BD87-83E771CE98E4}.Release|Any CPU.Build.0 = Release|Any CPU
		{DFA876F1-0DF1-4B53-9BF0-651EECB9A60A}.Debug|Any CPU.ActiveCfg = Debug|Any CPU
		{DFA876F1-0DF1-4B53-9BF0-651EECB9A60A}.Debug|Any CPU.Build.0 = Debug|Any CPU
		{DFA876F1-0DF1-4B53-9BF0-651EECB9A60A}.Release|Any CPU.ActiveCfg = Release|Any CPU
		{DFA876F1-0DF1-4B53-9BF0-651EECB9A60A}.Release|Any CPU.Build.0 = Release|Any CPU
		{D7D4A813-D3AD-49C4-A762-5A2D279294C3}.Debug|Any CPU.ActiveCfg = Debug|Any CPU
		{D7D4A813-D3AD-49C4-A762-5A2D279294C3}.Debug|Any CPU.Build.0 = Debug|Any CPU
		{D7D4A813-D3AD-49C4-A762-5A2D279294C3}.Release|Any CPU.ActiveCfg = Release|Any CPU
		{D7D4A813-D3AD-49C4-A762-5A2D279294C3}.Release|Any CPU.Build.0 = Release|Any CPU
		{15CAAC0C-39DD-4861-9D38-80FE32DD1280}.Debug|Any CPU.ActiveCfg = Debug|Any CPU
		{15CAAC0C-39DD-4861-9D38-80FE32DD1280}.Debug|Any CPU.Build.0 = Debug|Any CPU
		{15CAAC0C-39DD-4861-9D38-80FE32DD1280}.Release|Any CPU.ActiveCfg = Release|Any CPU
		{15CAAC0C-39DD-4861-9D38-80FE32DD1280}.Release|Any CPU.Build.0 = Release|Any CPU
		{8F3D7E8F-C9FE-4344-B8D0-0ACDD08B742D}.Debug|Any CPU.ActiveCfg = Debug|Any CPU
		{8F3D7E8F-C9FE-4344-B8D0-0ACDD08B742D}.Debug|Any CPU.Build.0 = Debug|Any CPU
		{8F3D7E8F-C9FE-4344-B8D0-0ACDD08B742D}.Release|Any CPU.ActiveCfg = Release|Any CPU
		{8F3D7E8F-C9FE-4344-B8D0-0ACDD08B742D}.Release|Any CPU.Build.0 = Release|Any CPU
		{5A292400-7161-471D-BEA5-2934293BEC55}.Debug|Any CPU.ActiveCfg = Debug|Any CPU
		{5A292400-7161-471D-BEA5-2934293BEC55}.Debug|Any CPU.Build.0 = Debug|Any CPU
		{5A292400-7161-471D-BEA5-2934293BEC55}.Release|Any CPU.ActiveCfg = Release|Any CPU
		{5A292400-7161-471D-BEA5-2934293BEC55}.Release|Any CPU.Build.0 = Release|Any CPU
		{3E58B5DC-542E-4AEF-840F-FDEFCE2572D7}.Debug|Any CPU.ActiveCfg = Debug|Any CPU
		{3E58B5DC-542E-4AEF-840F-FDEFCE2572D7}.Debug|Any CPU.Build.0 = Debug|Any CPU
		{3E58B5DC-542E-4AEF-840F-FDEFCE2572D7}.Release|Any CPU.ActiveCfg = Release|Any CPU
		{3E58B5DC-542E-4AEF-840F-FDEFCE2572D7}.Release|Any CPU.Build.0 = Release|Any CPU
		{20C9FA37-7AD0-4899-B4D0-383931D85556}.Debug|Any CPU.ActiveCfg = Debug|Any CPU
		{20C9FA37-7AD0-4899-B4D0-383931D85556}.Debug|Any CPU.Build.0 = Debug|Any CPU
		{20C9FA37-7AD0-4899-B4D0-383931D85556}.Release|Any CPU.ActiveCfg = Release|Any CPU
		{20C9FA37-7AD0-4899-B4D0-383931D85556}.Release|Any CPU.Build.0 = Release|Any CPU
		{C579BA86-25A0-4C06-8623-229DB46A9588}.Debug|Any CPU.ActiveCfg = Debug|Any CPU
		{C579BA86-25A0-4C06-8623-229DB46A9588}.Debug|Any CPU.Build.0 = Debug|Any CPU
		{C579BA86-25A0-4C06-8623-229DB46A9588}.Release|Any CPU.ActiveCfg = Release|Any CPU
		{C579BA86-25A0-4C06-8623-229DB46A9588}.Release|Any CPU.Build.0 = Release|Any CPU
		{12DC8A30-8978-42B6-BE55-9C15E3DDB3EE}.Debug|Any CPU.ActiveCfg = Debug|Any CPU
		{12DC8A30-8978-42B6-BE55-9C15E3DDB3EE}.Debug|Any CPU.Build.0 = Debug|Any CPU
		{12DC8A30-8978-42B6-BE55-9C15E3DDB3EE}.Release|Any CPU.ActiveCfg = Release|Any CPU
		{12DC8A30-8978-42B6-BE55-9C15E3DDB3EE}.Release|Any CPU.Build.0 = Release|Any CPU
		{74DE4E22-5159-4B4A-A030-EA8B80DEC774}.Debug|Any CPU.ActiveCfg = Debug|Any CPU
		{74DE4E22-5159-4B4A-A030-EA8B80DEC774}.Debug|Any CPU.Build.0 = Debug|Any CPU
		{74DE4E22-5159-4B4A-A030-EA8B80DEC774}.Release|Any CPU.ActiveCfg = Release|Any CPU
		{74DE4E22-5159-4B4A-A030-EA8B80DEC774}.Release|Any CPU.Build.0 = Release|Any CPU
		{16424FAA-8023-474B-8490-7B54171963F8}.Debug|Any CPU.ActiveCfg = Debug|Any CPU
		{16424FAA-8023-474B-8490-7B54171963F8}.Debug|Any CPU.Build.0 = Debug|Any CPU
		{16424FAA-8023-474B-8490-7B54171963F8}.Release|Any CPU.ActiveCfg = Release|Any CPU
		{16424FAA-8023-474B-8490-7B54171963F8}.Release|Any CPU.Build.0 = Release|Any CPU
		{46668432-997F-49E4-9CA2-04D871D4793E}.Debug|Any CPU.ActiveCfg = Debug|Any CPU
		{46668432-997F-49E4-9CA2-04D871D4793E}.Debug|Any CPU.Build.0 = Debug|Any CPU
		{46668432-997F-49E4-9CA2-04D871D4793E}.Release|Any CPU.ActiveCfg = Release|Any CPU
		{46668432-997F-49E4-9CA2-04D871D4793E}.Release|Any CPU.Build.0 = Release|Any CPU
		{38E339DC-0DCE-4FB9-8B1B-48C11C7B4B45}.Debug|Any CPU.ActiveCfg = Debug|Any CPU
		{38E339DC-0DCE-4FB9-8B1B-48C11C7B4B45}.Debug|Any CPU.Build.0 = Debug|Any CPU
		{38E339DC-0DCE-4FB9-8B1B-48C11C7B4B45}.Release|Any CPU.ActiveCfg = Release|Any CPU
		{38E339DC-0DCE-4FB9-8B1B-48C11C7B4B45}.Release|Any CPU.Build.0 = Release|Any CPU
		{6D884BB1-5B5C-4425-B283-C362341B91EB}.Debug|Any CPU.ActiveCfg = Debug|Any CPU
		{6D884BB1-5B5C-4425-B283-C362341B91EB}.Debug|Any CPU.Build.0 = Debug|Any CPU
		{6D884BB1-5B5C-4425-B283-C362341B91EB}.Release|Any CPU.ActiveCfg = Release|Any CPU
		{6D884BB1-5B5C-4425-B283-C362341B91EB}.Release|Any CPU.Build.0 = Release|Any CPU
		{8F200DB0-E72D-4F3A-8E03-194EC00BCAB4}.Debug|Any CPU.ActiveCfg = Debug|Any CPU
		{8F200DB0-E72D-4F3A-8E03-194EC00BCAB4}.Debug|Any CPU.Build.0 = Debug|Any CPU
		{8F200DB0-E72D-4F3A-8E03-194EC00BCAB4}.Release|Any CPU.ActiveCfg = Release|Any CPU
		{8F200DB0-E72D-4F3A-8E03-194EC00BCAB4}.Release|Any CPU.Build.0 = Release|Any CPU
		{86C0EB80-DB21-4669-A0C0-DBE5A0043E30}.Debug|Any CPU.ActiveCfg = Debug|Any CPU
		{86C0EB80-DB21-4669-A0C0-DBE5A0043E30}.Debug|Any CPU.Build.0 = Debug|Any CPU
		{86C0EB80-DB21-4669-A0C0-DBE5A0043E30}.Release|Any CPU.ActiveCfg = Release|Any CPU
		{86C0EB80-DB21-4669-A0C0-DBE5A0043E30}.Release|Any CPU.Build.0 = Release|Any CPU
	EndGlobalSection
	GlobalSection(SolutionProperties) = preSolution
		HideSolutionNode = FALSE
	EndGlobalSection
	GlobalSection(NestedProjects) = preSolution
		{E9C578C2-7C98-49D5-956A-DB9F4D8FED0B} = {D59B8E19-CE55-4327-B88F-E8C70F107EFB}
		{9C83FF49-1F36-442E-AE5C-58AEE4B5D3EA} = {D59B8E19-CE55-4327-B88F-E8C70F107EFB}
		{02A1AAD7-9901-4C4A-9366-A2074F660B2C} = {D59B8E19-CE55-4327-B88F-E8C70F107EFB}
		{CEB0E0C2-C880-45E0-9156-EBD2BA7163CC} = {D30BEC9C-71BB-4A56-87A7-3AD27FBCAC56}
		{07F3A547-F2D5-4AC6-961D-01D285C7BC44} = {D30BEC9C-71BB-4A56-87A7-3AD27FBCAC56}
		{90D76AB3-8D90-414C-8134-EBEE240558AB} = {D30BEC9C-71BB-4A56-87A7-3AD27FBCAC56}
		{6C817F77-C0FC-4601-A636-E86BE5F0B8D3} = {F3180F80-B0B5-4046-9293-F61DE145EB71}
		{0A5F2B4D-F6DC-499B-BD87-83E771CE98E4} = {F3180F80-B0B5-4046-9293-F61DE145EB71}
		{DFA876F1-0DF1-4B53-9BF0-651EECB9A60A} = {F3180F80-B0B5-4046-9293-F61DE145EB71}
		{D7D4A813-D3AD-49C4-A762-5A2D279294C3} = {A88045D8-3B62-4B75-BC9D-76D38766140F}
		{15CAAC0C-39DD-4861-9D38-80FE32DD1280} = {A88045D8-3B62-4B75-BC9D-76D38766140F}
		{8F3D7E8F-C9FE-4344-B8D0-0ACDD08B742D} = {A88045D8-3B62-4B75-BC9D-76D38766140F}
		{5A292400-7161-471D-BEA5-2934293BEC55} = {BE8F7523-5128-4979-BA05-9EB191172CBC}
		{3E58B5DC-542E-4AEF-840F-FDEFCE2572D7} = {BE8F7523-5128-4979-BA05-9EB191172CBC}
		{20C9FA37-7AD0-4899-B4D0-383931D85556} = {BE8F7523-5128-4979-BA05-9EB191172CBC}
		{C579BA86-25A0-4C06-8623-229DB46A9588} = {DA72A47F-65CD-4164-92CA-3EB6F102E57D}
		{12DC8A30-8978-42B6-BE55-9C15E3DDB3EE} = {DA72A47F-65CD-4164-92CA-3EB6F102E57D}
		{74DE4E22-5159-4B4A-A030-EA8B80DEC774} = {DA72A47F-65CD-4164-92CA-3EB6F102E57D}
		{16424FAA-8023-474B-8490-7B54171963F8} = {5A0AEF9D-C1C7-4A71-8764-B16B998FDBEA}
		{46668432-997F-49E4-9CA2-04D871D4793E} = {5A0AEF9D-C1C7-4A71-8764-B16B998FDBEA}
		{38E339DC-0DCE-4FB9-8B1B-48C11C7B4B45} = {5A0AEF9D-C1C7-4A71-8764-B16B998FDBEA}
		{6D884BB1-5B5C-4425-B283-C362341B91EB} = {A40760E1-F451-4E16-B3E2-5D240C37E314}
		{8F200DB0-E72D-4F3A-8E03-194EC00BCAB4} = {A40760E1-F451-4E16-B3E2-5D240C37E314}
		{86C0EB80-DB21-4669-A0C0-DBE5A0043E30} = {A40760E1-F451-4E16-B3E2-5D240C37E314}
	EndGlobalSection
	GlobalSection(ExtensibilityGlobals) = postSolution
		SolutionGuid = {A106B886-C989-4C7B-AC8E-78622EC9FB2A}
	EndGlobalSection
EndGlobal
